// !$*UTF8*$!
{
	archiveVersion = 1;
	classes = {
	};
	objectVersion = 55;
	objects = {

/* Begin PBXBuildFile section */
		F379D0F8288D459A0046D08B /* Queue.swift in Sources */ = {isa = PBXBuildFile; fileRef = F379D0F7288D459A0046D08B /* Queue.swift */; };
		F379D103288FDE340046D08B /* Modes.swift in Sources */ = {isa = PBXBuildFile; fileRef = F379D102288FDE340046D08B /* Modes.swift */; };
		F379D105288FDE520046D08B /* Logo.swift in Sources */ = {isa = PBXBuildFile; fileRef = F379D104288FDE520046D08B /* Logo.swift */; };
		F379D10B288FE01E0046D08B /* Mode.swift in Sources */ = {isa = PBXBuildFile; fileRef = F379D10A288FE01E0046D08B /* Mode.swift */; };
		F379D10D288FE5D40046D08B /* MainSettings.swift in Sources */ = {isa = PBXBuildFile; fileRef = F379D10C288FE5D40046D08B /* MainSettings.swift */; };
		F379D111288FE7480046D08B /* Level.swift in Sources */ = {isa = PBXBuildFile; fileRef = F379D110288FE7480046D08B /* Level.swift */; };
		F379D117289146B10046D08B /* TodayScore.swift in Sources */ = {isa = PBXBuildFile; fileRef = F379D116289146B10046D08B /* TodayScore.swift */; };
		F379D119289146D10046D08B /* WeekScore.swift in Sources */ = {isa = PBXBuildFile; fileRef = F379D118289146D10046D08B /* WeekScore.swift */; };
		F379D11B2892A4220046D08B /* CurrentMode.swift in Sources */ = {isa = PBXBuildFile; fileRef = F379D11A2892A4220046D08B /* CurrentMode.swift */; };
		F379D11D2892A5B00046D08B /* Set.swift in Sources */ = {isa = PBXBuildFile; fileRef = F379D11C2892A5B00046D08B /* Set.swift */; };
		F379D11F2892BF3B0046D08B /* NumberInput.swift in Sources */ = {isa = PBXBuildFile; fileRef = F379D11E2892BF3B0046D08B /* NumberInput.swift */; };
		F379D1212892C9FF0046D08B /* TextGradient.swift in Sources */ = {isa = PBXBuildFile; fileRef = F379D1202892C9FF0046D08B /* TextGradient.swift */; };
		F379D12428966EBA0046D08B /* Subsonic in Frameworks */ = {isa = PBXBuildFile; productRef = F379D12328966EBA0046D08B /* Subsonic */; };
		F379D131289671930046D08B /* 3.mp3 in Resources */ = {isa = PBXBuildFile; fileRef = F379D128289671930046D08B /* 3.mp3 */; };
		F379D132289671930046D08B /* 7.mp3 in Resources */ = {isa = PBXBuildFile; fileRef = F379D129289671930046D08B /* 7.mp3 */; };
		F379D133289671930046D08B /* 5.mp3 in Resources */ = {isa = PBXBuildFile; fileRef = F379D12A289671930046D08B /* 5.mp3 */; };
		F379D134289671930046D08B /* 4.mp3 in Resources */ = {isa = PBXBuildFile; fileRef = F379D12B289671930046D08B /* 4.mp3 */; };
		F379D135289671930046D08B /* 1.mp3 in Resources */ = {isa = PBXBuildFile; fileRef = F379D12C289671930046D08B /* 1.mp3 */; };
		F379D136289671930046D08B /* 6.mp3 in Resources */ = {isa = PBXBuildFile; fileRef = F379D12D289671930046D08B /* 6.mp3 */; };
		F379D137289671930046D08B /* 9.mp3 in Resources */ = {isa = PBXBuildFile; fileRef = F379D12E289671930046D08B /* 9.mp3 */; };
		F379D138289671930046D08B /* 8.mp3 in Resources */ = {isa = PBXBuildFile; fileRef = F379D12F289671930046D08B /* 8.mp3 */; };
		F379D139289671930046D08B /* 2.mp3 in Resources */ = {isa = PBXBuildFile; fileRef = F379D130289671930046D08B /* 2.mp3 */; };
		F3E8B1662888477900C57E94 /* nbackApp.swift in Sources */ = {isa = PBXBuildFile; fileRef = F3E8B1652888477900C57E94 /* nbackApp.swift */; };
		F3E8B1682888477900C57E94 /* ContentView.swift in Sources */ = {isa = PBXBuildFile; fileRef = F3E8B1672888477900C57E94 /* ContentView.swift */; };
		F3E8B16A2888477B00C57E94 /* Assets.xcassets in Resources */ = {isa = PBXBuildFile; fileRef = F3E8B1692888477B00C57E94 /* Assets.xcassets */; };
		F3E8B16D2888477B00C57E94 /* Preview Assets.xcassets in Resources */ = {isa = PBXBuildFile; fileRef = F3E8B16C2888477B00C57E94 /* Preview Assets.xcassets */; };
		F3E8B1782888477B00C57E94 /* nbackTests.swift in Sources */ = {isa = PBXBuildFile; fileRef = F3E8B1772888477B00C57E94 /* nbackTests.swift */; };
		F3E8B1822888477B00C57E94 /* nbackUITests.swift in Sources */ = {isa = PBXBuildFile; fileRef = F3E8B1812888477B00C57E94 /* nbackUITests.swift */; };
		F3E8B1842888477B00C57E94 /* nbackUITestsLaunchTests.swift in Sources */ = {isa = PBXBuildFile; fileRef = F3E8B1832888477B00C57E94 /* nbackUITestsLaunchTests.swift */; };
		F3E8B194288A4ECD00C57E94 /* Home.swift in Sources */ = {isa = PBXBuildFile; fileRef = F3E8B193288A4ECD00C57E94 /* Home.swift */; };
		F3E8B196288A821600C57E94 /* Sidebar.swift in Sources */ = {isa = PBXBuildFile; fileRef = F3E8B195288A821600C57E94 /* Sidebar.swift */; };
		F3E8B198288A831000C57E94 /* IndoxView.swift in Sources */ = {isa = PBXBuildFile; fileRef = F3E8B197288A831000C57E94 /* IndoxView.swift */; };
		F3E8B19A288A836B00C57E94 /* SentView.swift in Sources */ = {isa = PBXBuildFile; fileRef = F3E8B199288A836B00C57E94 /* SentView.swift */; };
		F3E8B1D9288AB4E200C57E94 /* Main.swift in Sources */ = {isa = PBXBuildFile; fileRef = F3E8B1D8288AB4E200C57E94 /* Main.swift */; };
/* End PBXBuildFile section */

/* Begin PBXContainerItemProxy section */
		F3E8B1742888477B00C57E94 /* PBXContainerItemProxy */ = {
			isa = PBXContainerItemProxy;
			containerPortal = F3E8B15A2888477900C57E94 /* Project object */;
			proxyType = 1;
			remoteGlobalIDString = F3E8B1612888477900C57E94;
			remoteInfo = nback;
		};
		F3E8B17E2888477B00C57E94 /* PBXContainerItemProxy */ = {
			isa = PBXContainerItemProxy;
			containerPortal = F3E8B15A2888477900C57E94 /* Project object */;
			proxyType = 1;
			remoteGlobalIDString = F3E8B1612888477900C57E94;
			remoteInfo = nback;
		};
/* End PBXContainerItemProxy section */

/* Begin PBXFileReference section */
		F379D0F7288D459A0046D08B /* Queue.swift */ = {isa = PBXFileReference; lastKnownFileType = sourcecode.swift; path = Queue.swift; sourceTree = "<group>"; };
		F379D102288FDE340046D08B /* Modes.swift */ = {isa = PBXFileReference; lastKnownFileType = sourcecode.swift; path = Modes.swift; sourceTree = "<group>"; };
		F379D104288FDE520046D08B /* Logo.swift */ = {isa = PBXFileReference; lastKnownFileType = sourcecode.swift; path = Logo.swift; sourceTree = "<group>"; };
		F379D10A288FE01E0046D08B /* Mode.swift */ = {isa = PBXFileReference; lastKnownFileType = sourcecode.swift; path = Mode.swift; sourceTree = "<group>"; };
		F379D10C288FE5D40046D08B /* MainSettings.swift */ = {isa = PBXFileReference; lastKnownFileType = sourcecode.swift; path = MainSettings.swift; sourceTree = "<group>"; };
		F379D110288FE7480046D08B /* Level.swift */ = {isa = PBXFileReference; lastKnownFileType = sourcecode.swift; path = Level.swift; sourceTree = "<group>"; };
		F379D116289146B10046D08B /* TodayScore.swift */ = {isa = PBXFileReference; lastKnownFileType = sourcecode.swift; path = TodayScore.swift; sourceTree = "<group>"; };
		F379D118289146D10046D08B /* WeekScore.swift */ = {isa = PBXFileReference; lastKnownFileType = sourcecode.swift; path = WeekScore.swift; sourceTree = "<group>"; };
		F379D11A2892A4220046D08B /* CurrentMode.swift */ = {isa = PBXFileReference; lastKnownFileType = sourcecode.swift; path = CurrentMode.swift; sourceTree = "<group>"; };
		F379D11C2892A5B00046D08B /* Set.swift */ = {isa = PBXFileReference; lastKnownFileType = sourcecode.swift; path = Set.swift; sourceTree = "<group>"; };
		F379D11E2892BF3B0046D08B /* NumberInput.swift */ = {isa = PBXFileReference; lastKnownFileType = sourcecode.swift; path = NumberInput.swift; sourceTree = "<group>"; };
		F379D1202892C9FF0046D08B /* TextGradient.swift */ = {isa = PBXFileReference; lastKnownFileType = sourcecode.swift; path = TextGradient.swift; sourceTree = "<group>"; };
		F379D128289671930046D08B /* 3.mp3 */ = {isa = PBXFileReference; lastKnownFileType = audio.mp3; path = 3.mp3; sourceTree = "<group>"; };
		F379D129289671930046D08B /* 7.mp3 */ = {isa = PBXFileReference; lastKnownFileType = audio.mp3; path = 7.mp3; sourceTree = "<group>"; };
		F379D12A289671930046D08B /* 5.mp3 */ = {isa = PBXFileReference; lastKnownFileType = audio.mp3; path = 5.mp3; sourceTree = "<group>"; };
		F379D12B289671930046D08B /* 4.mp3 */ = {isa = PBXFileReference; lastKnownFileType = audio.mp3; path = 4.mp3; sourceTree = "<group>"; };
		F379D12C289671930046D08B /* 1.mp3 */ = {isa = PBXFileReference; lastKnownFileType = audio.mp3; path = 1.mp3; sourceTree = "<group>"; };
		F379D12D289671930046D08B /* 6.mp3 */ = {isa = PBXFileReference; lastKnownFileType = audio.mp3; path = 6.mp3; sourceTree = "<group>"; };
		F379D12E289671930046D08B /* 9.mp3 */ = {isa = PBXFileReference; lastKnownFileType = audio.mp3; path = 9.mp3; sourceTree = "<group>"; };
		F379D12F289671930046D08B /* 8.mp3 */ = {isa = PBXFileReference; lastKnownFileType = audio.mp3; path = 8.mp3; sourceTree = "<group>"; };
		F379D130289671930046D08B /* 2.mp3 */ = {isa = PBXFileReference; lastKnownFileType = audio.mp3; path = 2.mp3; sourceTree = "<group>"; };
		F3E8B1622888477900C57E94 /* nback.app */ = {isa = PBXFileReference; explicitFileType = wrapper.application; includeInIndex = 0; path = nback.app; sourceTree = BUILT_PRODUCTS_DIR; };
		F3E8B1652888477900C57E94 /* nbackApp.swift */ = {isa = PBXFileReference; lastKnownFileType = sourcecode.swift; path = nbackApp.swift; sourceTree = "<group>"; };
		F3E8B1672888477900C57E94 /* ContentView.swift */ = {isa = PBXFileReference; lastKnownFileType = sourcecode.swift; path = ContentView.swift; sourceTree = "<group>"; };
		F3E8B1692888477B00C57E94 /* Assets.xcassets */ = {isa = PBXFileReference; lastKnownFileType = folder.assetcatalog; path = Assets.xcassets; sourceTree = "<group>"; };
		F3E8B16C2888477B00C57E94 /* Preview Assets.xcassets */ = {isa = PBXFileReference; lastKnownFileType = folder.assetcatalog; path = "Preview Assets.xcassets"; sourceTree = "<group>"; };
		F3E8B16E2888477B00C57E94 /* nback.entitlements */ = {isa = PBXFileReference; lastKnownFileType = text.plist.entitlements; path = nback.entitlements; sourceTree = "<group>"; };
		F3E8B1732888477B00C57E94 /* nbackTests.xctest */ = {isa = PBXFileReference; explicitFileType = wrapper.cfbundle; includeInIndex = 0; path = nbackTests.xctest; sourceTree = BUILT_PRODUCTS_DIR; };
		F3E8B1772888477B00C57E94 /* nbackTests.swift */ = {isa = PBXFileReference; lastKnownFileType = sourcecode.swift; path = nbackTests.swift; sourceTree = "<group>"; };
		F3E8B17D2888477B00C57E94 /* nbackUITests.xctest */ = {isa = PBXFileReference; explicitFileType = wrapper.cfbundle; includeInIndex = 0; path = nbackUITests.xctest; sourceTree = BUILT_PRODUCTS_DIR; };
		F3E8B1812888477B00C57E94 /* nbackUITests.swift */ = {isa = PBXFileReference; lastKnownFileType = sourcecode.swift; path = nbackUITests.swift; sourceTree = "<group>"; };
		F3E8B1832888477B00C57E94 /* nbackUITestsLaunchTests.swift */ = {isa = PBXFileReference; lastKnownFileType = sourcecode.swift; path = nbackUITestsLaunchTests.swift; sourceTree = "<group>"; };
		F3E8B193288A4ECD00C57E94 /* Home.swift */ = {isa = PBXFileReference; lastKnownFileType = sourcecode.swift; path = Home.swift; sourceTree = "<group>"; };
		F3E8B195288A821600C57E94 /* Sidebar.swift */ = {isa = PBXFileReference; lastKnownFileType = sourcecode.swift; path = Sidebar.swift; sourceTree = "<group>"; };
		F3E8B197288A831000C57E94 /* IndoxView.swift */ = {isa = PBXFileReference; lastKnownFileType = sourcecode.swift; path = IndoxView.swift; sourceTree = "<group>"; };
		F3E8B199288A836B00C57E94 /* SentView.swift */ = {isa = PBXFileReference; lastKnownFileType = sourcecode.swift; path = SentView.swift; sourceTree = "<group>"; };
		F3E8B1D8288AB4E200C57E94 /* Main.swift */ = {isa = PBXFileReference; lastKnownFileType = sourcecode.swift; path = Main.swift; sourceTree = "<group>"; };
/* End PBXFileReference section */

/* Begin PBXFrameworksBuildPhase section */
		F3E8B15F2888477900C57E94 /* Frameworks */ = {
			isa = PBXFrameworksBuildPhase;
			buildActionMask = 2147483647;
			files = (
				F379D12428966EBA0046D08B /* Subsonic in Frameworks */,
			);
			runOnlyForDeploymentPostprocessing = 0;
		};
		F3E8B1702888477B00C57E94 /* Frameworks */ = {
			isa = PBXFrameworksBuildPhase;
			buildActionMask = 2147483647;
			files = (
			);
			runOnlyForDeploymentPostprocessing = 0;
		};
		F3E8B17A2888477B00C57E94 /* Frameworks */ = {
			isa = PBXFrameworksBuildPhase;
			buildActionMask = 2147483647;
			files = (
			);
			runOnlyForDeploymentPostprocessing = 0;
		};
/* End PBXFrameworksBuildPhase section */

/* Begin PBXGroup section */
		F379D0F6288D45810046D08B /* Utils */ = {
			isa = PBXGroup;
			children = (
				F379D0F7288D459A0046D08B /* Queue.swift */,
				F379D11C2892A5B00046D08B /* Set.swift */,
				F379D1202892C9FF0046D08B /* TextGradient.swift */,
			);
			path = Utils;
			sourceTree = "<group>";
		};
		F379D127289670860046D08B /* sounds */ = {
			isa = PBXGroup;
			children = (
				F379D12C289671930046D08B /* 1.mp3 */,
				F379D130289671930046D08B /* 2.mp3 */,
				F379D128289671930046D08B /* 3.mp3 */,
				F379D12B289671930046D08B /* 4.mp3 */,
				F379D12A289671930046D08B /* 5.mp3 */,
				F379D12D289671930046D08B /* 6.mp3 */,
				F379D129289671930046D08B /* 7.mp3 */,
				F379D12F289671930046D08B /* 8.mp3 */,
				F379D12E289671930046D08B /* 9.mp3 */,
			);
			path = sounds;
			sourceTree = "<group>";
		};
		F3E8B1592888477900C57E94 = {
			isa = PBXGroup;
			children = (
				F3E8B1642888477900C57E94 /* nback */,
				F3E8B1762888477B00C57E94 /* nbackTests */,
				F3E8B1802888477B00C57E94 /* nbackUITests */,
				F3E8B1632888477900C57E94 /* Products */,
			);
			sourceTree = "<group>";
		};
		F3E8B1632888477900C57E94 /* Products */ = {
			isa = PBXGroup;
			children = (
				F3E8B1622888477900C57E94 /* nback.app */,
				F3E8B1732888477B00C57E94 /* nbackTests.xctest */,
				F3E8B17D2888477B00C57E94 /* nbackUITests.xctest */,
			);
			name = Products;
			sourceTree = "<group>";
		};
		F3E8B1642888477900C57E94 /* nback */ = {
			isa = PBXGroup;
			children = (
				F379D127289670860046D08B /* sounds */,
				F379D0F6288D45810046D08B /* Utils */,
				F3E8B191288A4E7B00C57E94 /* Models */,
				F3E8B1902888478D00C57E94 /* Views */,
				F3E8B1652888477900C57E94 /* nbackApp.swift */,
				F3E8B1672888477900C57E94 /* ContentView.swift */,
				F3E8B1692888477B00C57E94 /* Assets.xcassets */,
				F3E8B16E2888477B00C57E94 /* nback.entitlements */,
				F3E8B16B2888477B00C57E94 /* Preview Content */,
			);
			path = nback;
			sourceTree = "<group>";
		};
		F3E8B16B2888477B00C57E94 /* Preview Content */ = {
			isa = PBXGroup;
			children = (
				F3E8B16C2888477B00C57E94 /* Preview Assets.xcassets */,
			);
			path = "Preview Content";
			sourceTree = "<group>";
		};
		F3E8B1762888477B00C57E94 /* nbackTests */ = {
			isa = PBXGroup;
			children = (
				F3E8B1772888477B00C57E94 /* nbackTests.swift */,
			);
			path = nbackTests;
			sourceTree = "<group>";
		};
		F3E8B1802888477B00C57E94 /* nbackUITests */ = {
			isa = PBXGroup;
			children = (
				F3E8B1812888477B00C57E94 /* nbackUITests.swift */,
				F3E8B1832888477B00C57E94 /* nbackUITestsLaunchTests.swift */,
			);
			path = nbackUITests;
			sourceTree = "<group>";
		};
		F3E8B1902888478D00C57E94 /* Views */ = {
			isa = PBXGroup;
			children = (
				F3E8B193288A4ECD00C57E94 /* Home.swift */,
				F3E8B195288A821600C57E94 /* Sidebar.swift */,
				F3E8B197288A831000C57E94 /* IndoxView.swift */,
				F3E8B199288A836B00C57E94 /* SentView.swift */,
				F3E8B1D8288AB4E200C57E94 /* Main.swift */,
				F379D102288FDE340046D08B /* Modes.swift */,
				F379D104288FDE520046D08B /* Logo.swift */,
				F379D10A288FE01E0046D08B /* Mode.swift */,
				F379D10C288FE5D40046D08B /* MainSettings.swift */,
				F379D110288FE7480046D08B /* Level.swift */,
				F379D116289146B10046D08B /* TodayScore.swift */,
				F379D118289146D10046D08B /* WeekScore.swift */,
				F379D11A2892A4220046D08B /* CurrentMode.swift */,
				F379D11E2892BF3B0046D08B /* NumberInput.swift */,
			);
			path = Views;
			sourceTree = "<group>";
		};
		F3E8B191288A4E7B00C57E94 /* Models */ = {
			isa = PBXGroup;
			children = (
			);
			path = Models;
			sourceTree = "<group>";
		};
/* End PBXGroup section */

/* Begin PBXNativeTarget section */
		F3E8B1612888477900C57E94 /* nback */ = {
			isa = PBXNativeTarget;
			buildConfigurationList = F3E8B1872888477B00C57E94 /* Build configuration list for PBXNativeTarget "nback" */;
			buildPhases = (
				F3E8B15E2888477900C57E94 /* Sources */,
				F3E8B15F2888477900C57E94 /* Frameworks */,
				F3E8B1602888477900C57E94 /* Resources */,
			);
			buildRules = (
			);
			dependencies = (
			);
			name = nback;
			packageProductDependencies = (
				F379D12328966EBA0046D08B /* Subsonic */,
			);
			productName = nback;
			productReference = F3E8B1622888477900C57E94 /* nback.app */;
			productType = "com.apple.product-type.application";
		};
		F3E8B1722888477B00C57E94 /* nbackTests */ = {
			isa = PBXNativeTarget;
			buildConfigurationList = F3E8B18A2888477B00C57E94 /* Build configuration list for PBXNativeTarget "nbackTests" */;
			buildPhases = (
				F3E8B16F2888477B00C57E94 /* Sources */,
				F3E8B1702888477B00C57E94 /* Frameworks */,
				F3E8B1712888477B00C57E94 /* Resources */,
			);
			buildRules = (
			);
			dependencies = (
				F3E8B1752888477B00C57E94 /* PBXTargetDependency */,
			);
			name = nbackTests;
			productName = nbackTests;
			productReference = F3E8B1732888477B00C57E94 /* nbackTests.xctest */;
			productType = "com.apple.product-type.bundle.unit-test";
		};
		F3E8B17C2888477B00C57E94 /* nbackUITests */ = {
			isa = PBXNativeTarget;
			buildConfigurationList = F3E8B18D2888477B00C57E94 /* Build configuration list for PBXNativeTarget "nbackUITests" */;
			buildPhases = (
				F3E8B1792888477B00C57E94 /* Sources */,
				F3E8B17A2888477B00C57E94 /* Frameworks */,
				F3E8B17B2888477B00C57E94 /* Resources */,
			);
			buildRules = (
			);
			dependencies = (
				F3E8B17F2888477B00C57E94 /* PBXTargetDependency */,
			);
			name = nbackUITests;
			productName = nbackUITests;
			productReference = F3E8B17D2888477B00C57E94 /* nbackUITests.xctest */;
			productType = "com.apple.product-type.bundle.ui-testing";
		};
/* End PBXNativeTarget section */

/* Begin PBXProject section */
		F3E8B15A2888477900C57E94 /* Project object */ = {
			isa = PBXProject;
			attributes = {
				BuildIndependentTargetsInParallel = 1;
				LastSwiftUpdateCheck = 1340;
				LastUpgradeCheck = 1340;
				TargetAttributes = {
					F3E8B1612888477900C57E94 = {
						CreatedOnToolsVersion = 13.4.1;
					};
					F3E8B1722888477B00C57E94 = {
						CreatedOnToolsVersion = 13.4.1;
						TestTargetID = F3E8B1612888477900C57E94;
					};
					F3E8B17C2888477B00C57E94 = {
						CreatedOnToolsVersion = 13.4.1;
						TestTargetID = F3E8B1612888477900C57E94;
					};
				};
			};
			buildConfigurationList = F3E8B15D2888477900C57E94 /* Build configuration list for PBXProject "nback" */;
			compatibilityVersion = "Xcode 13.0";
			developmentRegion = en;
			hasScannedForEncodings = 0;
			knownRegions = (
				en,
				Base,
			);
			mainGroup = F3E8B1592888477900C57E94;
			packageReferences = (
				F379D12228966EBA0046D08B /* XCRemoteSwiftPackageReference "Subsonic" */,
			);
			productRefGroup = F3E8B1632888477900C57E94 /* Products */;
			projectDirPath = "";
			projectRoot = "";
			targets = (
				F3E8B1612888477900C57E94 /* nback */,
				F3E8B1722888477B00C57E94 /* nbackTests */,
				F3E8B17C2888477B00C57E94 /* nbackUITests */,
			);
		};
/* End PBXProject section */

/* Begin PBXResourcesBuildPhase section */
		F3E8B1602888477900C57E94 /* Resources */ = {
			isa = PBXResourcesBuildPhase;
			buildActionMask = 2147483647;
			files = (
				F379D139289671930046D08B /* 2.mp3 in Resources */,
				F379D131289671930046D08B /* 3.mp3 in Resources */,
				F379D136289671930046D08B /* 6.mp3 in Resources */,
				F379D133289671930046D08B /* 5.mp3 in Resources */,
				F379D137289671930046D08B /* 9.mp3 in Resources */,
				F379D135289671930046D08B /* 1.mp3 in Resources */,
				F379D138289671930046D08B /* 8.mp3 in Resources */,
				F3E8B16D2888477B00C57E94 /* Preview Assets.xcassets in Resources */,
				F379D134289671930046D08B /* 4.mp3 in Resources */,
				F379D132289671930046D08B /* 7.mp3 in Resources */,
				F3E8B16A2888477B00C57E94 /* Assets.xcassets in Resources */,
			);
			runOnlyForDeploymentPostprocessing = 0;
		};
		F3E8B1712888477B00C57E94 /* Resources */ = {
			isa = PBXResourcesBuildPhase;
			buildActionMask = 2147483647;
			files = (
			);
			runOnlyForDeploymentPostprocessing = 0;
		};
		F3E8B17B2888477B00C57E94 /* Resources */ = {
			isa = PBXResourcesBuildPhase;
			buildActionMask = 2147483647;
			files = (
			);
			runOnlyForDeploymentPostprocessing = 0;
		};
/* End PBXResourcesBuildPhase section */

/* Begin PBXSourcesBuildPhase section */
		F3E8B15E2888477900C57E94 /* Sources */ = {
			isa = PBXSourcesBuildPhase;
			buildActionMask = 2147483647;
			files = (
				F3E8B1682888477900C57E94 /* ContentView.swift in Sources */,
				F379D10D288FE5D40046D08B /* MainSettings.swift in Sources */,
				F379D10B288FE01E0046D08B /* Mode.swift in Sources */,
				F379D111288FE7480046D08B /* Level.swift in Sources */,
				F3E8B194288A4ECD00C57E94 /* Home.swift in Sources */,
				F3E8B196288A821600C57E94 /* Sidebar.swift in Sources */,
				F379D0F8288D459A0046D08B /* Queue.swift in Sources */,
				F3E8B1662888477900C57E94 /* nbackApp.swift in Sources */,
				F3E8B19A288A836B00C57E94 /* SentView.swift in Sources */,
				F379D1212892C9FF0046D08B /* TextGradient.swift in Sources */,
				F379D117289146B10046D08B /* TodayScore.swift in Sources */,
				F379D11F2892BF3B0046D08B /* NumberInput.swift in Sources */,
				F379D105288FDE520046D08B /* Logo.swift in Sources */,
				F379D103288FDE340046D08B /* Modes.swift in Sources */,
				F3E8B1D9288AB4E200C57E94 /* Main.swift in Sources */,
				F379D11B2892A4220046D08B /* CurrentMode.swift in Sources */,
				F379D11D2892A5B00046D08B /* Set.swift in Sources */,
				F379D119289146D10046D08B /* WeekScore.swift in Sources */,
				F3E8B198288A831000C57E94 /* IndoxView.swift in Sources */,
			);
			runOnlyForDeploymentPostprocessing = 0;
		};
		F3E8B16F2888477B00C57E94 /* Sources */ = {
			isa = PBXSourcesBuildPhase;
			buildActionMask = 2147483647;
			files = (
				F3E8B1782888477B00C57E94 /* nbackTests.swift in Sources */,
			);
			runOnlyForDeploymentPostprocessing = 0;
		};
		F3E8B1792888477B00C57E94 /* Sources */ = {
			isa = PBXSourcesBuildPhase;
			buildActionMask = 2147483647;
			files = (
				F3E8B1842888477B00C57E94 /* nbackUITestsLaunchTests.swift in Sources */,
				F3E8B1822888477B00C57E94 /* nbackUITests.swift in Sources */,
			);
			runOnlyForDeploymentPostprocessing = 0;
		};
/* End PBXSourcesBuildPhase section */

/* Begin PBXTargetDependency section */
		F3E8B1752888477B00C57E94 /* PBXTargetDependency */ = {
			isa = PBXTargetDependency;
			target = F3E8B1612888477900C57E94 /* nback */;
			targetProxy = F3E8B1742888477B00C57E94 /* PBXContainerItemProxy */;
		};
		F3E8B17F2888477B00C57E94 /* PBXTargetDependency */ = {
			isa = PBXTargetDependency;
			target = F3E8B1612888477900C57E94 /* nback */;
			targetProxy = F3E8B17E2888477B00C57E94 /* PBXContainerItemProxy */;
		};
/* End PBXTargetDependency section */

/* Begin XCBuildConfiguration section */
		F3E8B1852888477B00C57E94 /* Debug */ = {
			isa = XCBuildConfiguration;
			buildSettings = {
				ALWAYS_SEARCH_USER_PATHS = NO;
				CLANG_ANALYZER_NONNULL = YES;
				CLANG_ANALYZER_NUMBER_OBJECT_CONVERSION = YES_AGGRESSIVE;
				CLANG_CXX_LANGUAGE_STANDARD = "gnu++17";
				CLANG_ENABLE_MODULES = YES;
				CLANG_ENABLE_OBJC_ARC = YES;
				CLANG_ENABLE_OBJC_WEAK = YES;
				CLANG_WARN_BLOCK_CAPTURE_AUTORELEASING = YES;
				CLANG_WARN_BOOL_CONVERSION = YES;
				CLANG_WARN_COMMA = YES;
				CLANG_WARN_CONSTANT_CONVERSION = YES;
				CLANG_WARN_DEPRECATED_OBJC_IMPLEMENTATIONS = YES;
				CLANG_WARN_DIRECT_OBJC_ISA_USAGE = YES_ERROR;
				CLANG_WARN_DOCUMENTATION_COMMENTS = YES;
				CLANG_WARN_EMPTY_BODY = YES;
				CLANG_WARN_ENUM_CONVERSION = YES;
				CLANG_WARN_INFINITE_RECURSION = YES;
				CLANG_WARN_INT_CONVERSION = YES;
				CLANG_WARN_NON_LITERAL_NULL_CONVERSION = YES;
				CLANG_WARN_OBJC_IMPLICIT_RETAIN_SELF = YES;
				CLANG_WARN_OBJC_LITERAL_CONVERSION = YES;
				CLANG_WARN_OBJC_ROOT_CLASS = YES_ERROR;
				CLANG_WARN_QUOTED_INCLUDE_IN_FRAMEWORK_HEADER = YES;
				CLANG_WARN_RANGE_LOOP_ANALYSIS = YES;
				CLANG_WARN_STRICT_PROTOTYPES = YES;
				CLANG_WARN_SUSPICIOUS_MOVE = YES;
				CLANG_WARN_UNGUARDED_AVAILABILITY = YES_AGGRESSIVE;
				CLANG_WARN_UNREACHABLE_CODE = YES;
				CLANG_WARN__DUPLICATE_METHOD_MATCH = YES;
				COPY_PHASE_STRIP = NO;
				DEBUG_INFORMATION_FORMAT = dwarf;
				ENABLE_STRICT_OBJC_MSGSEND = YES;
				ENABLE_TESTABILITY = YES;
				GCC_C_LANGUAGE_STANDARD = gnu11;
				GCC_DYNAMIC_NO_PIC = NO;
				GCC_NO_COMMON_BLOCKS = YES;
				GCC_OPTIMIZATION_LEVEL = 0;
				GCC_PREPROCESSOR_DEFINITIONS = (
					"DEBUG=1",
					"$(inherited)",
				);
				GCC_WARN_64_TO_32_BIT_CONVERSION = YES;
				GCC_WARN_ABOUT_RETURN_TYPE = YES_ERROR;
				GCC_WARN_UNDECLARED_SELECTOR = YES;
				GCC_WARN_UNINITIALIZED_AUTOS = YES_AGGRESSIVE;
				GCC_WARN_UNUSED_FUNCTION = YES;
				GCC_WARN_UNUSED_VARIABLE = YES;
				MACOSX_DEPLOYMENT_TARGET = 12.3;
				MTL_ENABLE_DEBUG_INFO = INCLUDE_SOURCE;
				MTL_FAST_MATH = YES;
				ONLY_ACTIVE_ARCH = YES;
				SDKROOT = macosx;
				SWIFT_ACTIVE_COMPILATION_CONDITIONS = DEBUG;
				SWIFT_OPTIMIZATION_LEVEL = "-Onone";
			};
			name = Debug;
		};
		F3E8B1862888477B00C57E94 /* Release */ = {
			isa = XCBuildConfiguration;
			buildSettings = {
				ALWAYS_SEARCH_USER_PATHS = NO;
				CLANG_ANALYZER_NONNULL = YES;
				CLANG_ANALYZER_NUMBER_OBJECT_CONVERSION = YES_AGGRESSIVE;
				CLANG_CXX_LANGUAGE_STANDARD = "gnu++17";
				CLANG_ENABLE_MODULES = YES;
				CLANG_ENABLE_OBJC_ARC = YES;
				CLANG_ENABLE_OBJC_WEAK = YES;
				CLANG_WARN_BLOCK_CAPTURE_AUTORELEASING = YES;
				CLANG_WARN_BOOL_CONVERSION = YES;
				CLANG_WARN_COMMA = YES;
				CLANG_WARN_CONSTANT_CONVERSION = YES;
				CLANG_WARN_DEPRECATED_OBJC_IMPLEMENTATIONS = YES;
				CLANG_WARN_DIRECT_OBJC_ISA_USAGE = YES_ERROR;
				CLANG_WARN_DOCUMENTATION_COMMENTS = YES;
				CLANG_WARN_EMPTY_BODY = YES;
				CLANG_WARN_ENUM_CONVERSION = YES;
				CLANG_WARN_INFINITE_RECURSION = YES;
				CLANG_WARN_INT_CONVERSION = YES;
				CLANG_WARN_NON_LITERAL_NULL_CONVERSION = YES;
				CLANG_WARN_OBJC_IMPLICIT_RETAIN_SELF = YES;
				CLANG_WARN_OBJC_LITERAL_CONVERSION = YES;
				CLANG_WARN_OBJC_ROOT_CLASS = YES_ERROR;
				CLANG_WARN_QUOTED_INCLUDE_IN_FRAMEWORK_HEADER = YES;
				CLANG_WARN_RANGE_LOOP_ANALYSIS = YES;
				CLANG_WARN_STRICT_PROTOTYPES = YES;
				CLANG_WARN_SUSPICIOUS_MOVE = YES;
				CLANG_WARN_UNGUARDED_AVAILABILITY = YES_AGGRESSIVE;
				CLANG_WARN_UNREACHABLE_CODE = YES;
				CLANG_WARN__DUPLICATE_METHOD_MATCH = YES;
				COPY_PHASE_STRIP = NO;
				DEBUG_INFORMATION_FORMAT = "dwarf-with-dsym";
				ENABLE_NS_ASSERTIONS = NO;
				ENABLE_STRICT_OBJC_MSGSEND = YES;
				GCC_C_LANGUAGE_STANDARD = gnu11;
				GCC_NO_COMMON_BLOCKS = YES;
				GCC_WARN_64_TO_32_BIT_CONVERSION = YES;
				GCC_WARN_ABOUT_RETURN_TYPE = YES_ERROR;
				GCC_WARN_UNDECLARED_SELECTOR = YES;
				GCC_WARN_UNINITIALIZED_AUTOS = YES_AGGRESSIVE;
				GCC_WARN_UNUSED_FUNCTION = YES;
				GCC_WARN_UNUSED_VARIABLE = YES;
				MACOSX_DEPLOYMENT_TARGET = 12.3;
				MTL_ENABLE_DEBUG_INFO = NO;
				MTL_FAST_MATH = YES;
				SDKROOT = macosx;
				SWIFT_COMPILATION_MODE = wholemodule;
				SWIFT_OPTIMIZATION_LEVEL = "-O";
			};
			name = Release;
		};
		F3E8B1882888477B00C57E94 /* Debug */ = {
			isa = XCBuildConfiguration;
			buildSettings = {
				ASSETCATALOG_COMPILER_APPICON_NAME = AppIcon;
				ASSETCATALOG_COMPILER_GLOBAL_ACCENT_COLOR_NAME = AccentColor;
				CODE_SIGN_ENTITLEMENTS = nback/nback.entitlements;
				CODE_SIGN_STYLE = Automatic;
				COMBINE_HIDPI_IMAGES = YES;
				CURRENT_PROJECT_VERSION = 1;
				DEVELOPMENT_ASSET_PATHS = "\"nback/Preview Content\"";
				ENABLE_PREVIEWS = YES;
				GENERATE_INFOPLIST_FILE = YES;
				INFOPLIST_KEY_NSHumanReadableCopyright = "";
				LD_RUNPATH_SEARCH_PATHS = (
					"$(inherited)",
					"@executable_path/../Frameworks",
				);
				MARKETING_VERSION = 1.0;
				PRODUCT_BUNDLE_IDENTIFIER = teamdegro.nback;
				PRODUCT_NAME = "$(TARGET_NAME)";
				SWIFT_EMIT_LOC_STRINGS = YES;
				SWIFT_VERSION = 5.0;
			};
			name = Debug;
		};
		F3E8B1892888477B00C57E94 /* Release */ = {
			isa = XCBuildConfiguration;
			buildSettings = {
				ASSETCATALOG_COMPILER_APPICON_NAME = AppIcon;
				ASSETCATALOG_COMPILER_GLOBAL_ACCENT_COLOR_NAME = AccentColor;
				CODE_SIGN_ENTITLEMENTS = nback/nback.entitlements;
				CODE_SIGN_STYLE = Automatic;
				COMBINE_HIDPI_IMAGES = YES;
				CURRENT_PROJECT_VERSION = 1;
				DEVELOPMENT_ASSET_PATHS = "\"nback/Preview Content\"";
				ENABLE_PREVIEWS = YES;
				GENERATE_INFOPLIST_FILE = YES;
				INFOPLIST_KEY_NSHumanReadableCopyright = "";
				LD_RUNPATH_SEARCH_PATHS = (
					"$(inherited)",
					"@executable_path/../Frameworks",
				);
				MARKETING_VERSION = 1.0;
				PRODUCT_BUNDLE_IDENTIFIER = teamdegro.nback;
				PRODUCT_NAME = "$(TARGET_NAME)";
				SWIFT_EMIT_LOC_STRINGS = YES;
				SWIFT_VERSION = 5.0;
			};
			name = Release;
		};
		F3E8B18B2888477B00C57E94 /* Debug */ = {
			isa = XCBuildConfiguration;
			buildSettings = {
				ALWAYS_EMBED_SWIFT_STANDARD_LIBRARIES = YES;
				BUNDLE_LOADER = "$(TEST_HOST)";
				CODE_SIGN_STYLE = Automatic;
				CURRENT_PROJECT_VERSION = 1;
				GENERATE_INFOPLIST_FILE = YES;
				MACOSX_DEPLOYMENT_TARGET = 12.3;
				MARKETING_VERSION = 1.0;
				PRODUCT_BUNDLE_IDENTIFIER = teamdegro.nbackTests;
				PRODUCT_NAME = "$(TARGET_NAME)";
				SWIFT_EMIT_LOC_STRINGS = NO;
				SWIFT_VERSION = 5.0;
				TEST_HOST = "$(BUILT_PRODUCTS_DIR)/nback.app/Contents/MacOS/nback";
			};
			name = Debug;
		};
		F3E8B18C2888477B00C57E94 /* Release */ = {
			isa = XCBuildConfiguration;
			buildSettings = {
				ALWAYS_EMBED_SWIFT_STANDARD_LIBRARIES = YES;
				BUNDLE_LOADER = "$(TEST_HOST)";
				CODE_SIGN_STYLE = Automatic;
				CURRENT_PROJECT_VERSION = 1;
				GENERATE_INFOPLIST_FILE = YES;
				MACOSX_DEPLOYMENT_TARGET = 12.3;
				MARKETING_VERSION = 1.0;
				PRODUCT_BUNDLE_IDENTIFIER = teamdegro.nbackTests;
				PRODUCT_NAME = "$(TARGET_NAME)";
				SWIFT_EMIT_LOC_STRINGS = NO;
				SWIFT_VERSION = 5.0;
				TEST_HOST = "$(BUILT_PRODUCTS_DIR)/nback.app/Contents/MacOS/nback";
			};
			name = Release;
		};
		F3E8B18E2888477B00C57E94 /* Debug */ = {
			isa = XCBuildConfiguration;
			buildSettings = {
				ALWAYS_EMBED_SWIFT_STANDARD_LIBRARIES = YES;
				CODE_SIGN_STYLE = Automatic;
				CURRENT_PROJECT_VERSION = 1;
				GENERATE_INFOPLIST_FILE = YES;
				MARKETING_VERSION = 1.0;
				PRODUCT_BUNDLE_IDENTIFIER = teamdegro.nbackUITests;
				PRODUCT_NAME = "$(TARGET_NAME)";
				SWIFT_EMIT_LOC_STRINGS = NO;
				SWIFT_VERSION = 5.0;
				TEST_TARGET_NAME = nback;
			};
			name = Debug;
		};
		F3E8B18F2888477B00C57E94 /* Release */ = {
			isa = XCBuildConfiguration;
			buildSettings = {
				ALWAYS_EMBED_SWIFT_STANDARD_LIBRARIES = YES;
				CODE_SIGN_STYLE = Automatic;
				CURRENT_PROJECT_VERSION = 1;
				GENERATE_INFOPLIST_FILE = YES;
				MARKETING_VERSION = 1.0;
				PRODUCT_BUNDLE_IDENTIFIER = teamdegro.nbackUITests;
				PRODUCT_NAME = "$(TARGET_NAME)";
				SWIFT_EMIT_LOC_STRINGS = NO;
				SWIFT_VERSION = 5.0;
				TEST_TARGET_NAME = nback;
			};
			name = Release;
		};
/* End XCBuildConfiguration section */

/* Begin XCConfigurationList section */
		F3E8B15D2888477900C57E94 /* Build configuration list for PBXProject "nback" */ = {
			isa = XCConfigurationList;
			buildConfigurations = (
				F3E8B1852888477B00C57E94 /* Debug */,
				F3E8B1862888477B00C57E94 /* Release */,
			);
			defaultConfigurationIsVisible = 0;
			defaultConfigurationName = Release;
		};
		F3E8B1872888477B00C57E94 /* Build configuration list for PBXNativeTarget "nback" */ = {
			isa = XCConfigurationList;
			buildConfigurations = (
				F3E8B1882888477B00C57E94 /* Debug */,
				F3E8B1892888477B00C57E94 /* Release */,
			);
			defaultConfigurationIsVisible = 0;
			defaultConfigurationName = Release;
		};
		F3E8B18A2888477B00C57E94 /* Build configuration list for PBXNativeTarget "nbackTests" */ = {
			isa = XCConfigurationList;
			buildConfigurations = (
				F3E8B18B2888477B00C57E94 /* Debug */,
				F3E8B18C2888477B00C57E94 /* Release */,
			);
			defaultConfigurationIsVisible = 0;
			defaultConfigurationName = Release;
		};
		F3E8B18D2888477B00C57E94 /* Build configuration list for PBXNativeTarget "nbackUITests" */ = {
			isa = XCConfigurationList;
			buildConfigurations = (
				F3E8B18E2888477B00C57E94 /* Debug */,
				F3E8B18F2888477B00C57E94 /* Release */,
			);
			defaultConfigurationIsVisible = 0;
			defaultConfigurationName = Release;
		};
/* End XCConfigurationList section */

/* Begin XCRemoteSwiftPackageReference section */
		F379D12228966EBA0046D08B /* XCRemoteSwiftPackageReference "Subsonic" */ = {
			isa = XCRemoteSwiftPackageReference;
			repositoryURL = "https://github.com/twostraws/Subsonic";
			requirement = {
				kind = upToNextMajorVersion;
				minimumVersion = 0.2.0;
			};
		};
/* End XCRemoteSwiftPackageReference section */

/* Begin XCSwiftPackageProductDependency section */
		F379D12328966EBA0046D08B /* Subsonic */ = {
			isa = XCSwiftPackageProductDependency;
			package = F379D12228966EBA0046D08B /* XCRemoteSwiftPackageReference "Subsonic" */;
			productName = Subsonic;
		};
/* End XCSwiftPackageProductDependency section */
	};
	rootObject = F3E8B15A2888477900C57E94 /* Project object */;
}
